
Microsoft Visual Studio Solution File, Format Version 12.00
# Visual Studio 15
VisualStudioVersion = 15.0.26124.0
MinimumVisualStudioVersion = 15.0.26124.0
Project("{F2A71F9B-5D33-465A-A702-920D77279786}") = "Restfu.AspNetCore", "AspNetCore\src\Restfu.AspNetCore.fsproj", "{332FBD6E-9861-4BA0-A3E7-65E6233649D1}"
EndProject
Project("{F2A71F9B-5D33-465A-A702-920D77279786}") = "Restfu.Azure.Cosmos.Table", "Azure.Cosmos.Table\src\Restfu.Azure.Cosmos.Table.fsproj", "{76555A7F-BB1C-4D7B-AF39-72C3421A6AE8}"
EndProject
Project("{F2A71F9B-5D33-465A-A702-920D77279786}") = "Restfu.Azure.Cosmos.Table.Tests", "Azure.Cosmos.Table\test\Restfu.Azure.Cosmos.Table.Tests.fsproj", "{044187E4-B42C-4970-BF40-8D80819769B6}"
EndProject
Project("{F2A71F9B-5D33-465A-A702-920D77279786}") = "Restfu.Expressions", "Expressions\src\Restfu.Expressions.fsproj", "{CE117EBD-7EC3-4852-8206-04CF58955277}"
EndProject
Project("{F2A71F9B-5D33-465A-A702-920D77279786}") = "Restfu.Expressions.Tests", "Expressions\test\Restfu.Expressions.Tests.fsproj", "{2D4B4023-BC9D-4EEE-A0AC-2E4927462FDF}"
EndProject
Project("{F2A71F9B-5D33-465A-A702-920D77279786}") = "Restfu.Mapping", "Mapping\src\Restfu.Mapping.fsproj", "{55353577-E0F1-4A4F-8371-F3F74C56EACE}"
EndProject
Project("{F2A71F9B-5D33-465A-A702-920D77279786}") = "Restfu.Mapping.Tests", "Mapping\test\Restfu.Mapping.Tests.fsproj", "{63F21E66-25F3-4F2D-AE54-FC6F93F623E3}"
EndProject
Project("{F2A71F9B-5D33-465A-A702-920D77279786}") = "Restfu.MongoDB", "MongoDB\src\Restfu.MongoDB.fsproj", "{4EDBA689-488F-4A27-BD14-C0DC63B2B707}"
EndProject
Project("{F2A71F9B-5D33-465A-A702-920D77279786}") = "Restfu.MongoDB.Tests", "MongoDB\test\Restfu.MongoDB.Tests.fsproj", "{EA997F74-F00D-410F-A583-5A8D631CF250}"
EndProject
Project("{F2A71F9B-5D33-465A-A702-920D77279786}") = "Playground", "Playground\Playground.fsproj", "{49BAA39A-B392-4803-BB64-EE66EE10FF46}"
EndProject
Project("{F2A71F9B-5D33-465A-A702-920D77279786}") = "Restfu.Private", "Private\src\Restfu.Private.fsproj", "{A134B9D2-0DBD-4946-8D20-03A1980F14D8}"
EndProject
Project("{F2A71F9B-5D33-465A-A702-920D77279786}") = "Restfu", "Restfu\src\Restfu.fsproj", "{F6388ADB-B995-4D8A-A568-E74EC7FCBFF4}"
EndProject
Project("{F2A71F9B-5D33-465A-A702-920D77279786}") = "Restfu.Tests", "Restfu\test\Restfu.Tests.fsproj", "{043BA7EE-68FC-49AF-9921-781894E2B879}"
EndProject
Global
	GlobalSection(SolutionConfigurationPlatforms) = preSolution
		Debug|Any CPU = Debug|Any CPU
		Debug|x64 = Debug|x64
		Debug|x86 = Debug|x86
		Release|Any CPU = Release|Any CPU
		Release|x64 = Release|x64
		Release|x86 = Release|x86
	EndGlobalSection
	GlobalSection(SolutionProperties) = preSolution
		HideSolutionNode = FALSE
	EndGlobalSection
	GlobalSection(ProjectConfigurationPlatforms) = postSolution
		{332FBD6E-9861-4BA0-A3E7-65E6233649D1}.Debug|Any CPU.ActiveCfg = Debug|Any CPU
		{332FBD6E-9861-4BA0-A3E7-65E6233649D1}.Debug|Any CPU.Build.0 = Debug|Any CPU
		{332FBD6E-9861-4BA0-A3E7-65E6233649D1}.Debug|x64.ActiveCfg = Debug|Any CPU
		{332FBD6E-9861-4BA0-A3E7-65E6233649D1}.Debug|x64.Build.0 = Debug|Any CPU
		{332FBD6E-9861-4BA0-A3E7-65E6233649D1}.Debug|x86.ActiveCfg = Debug|Any CPU
		{332FBD6E-9861-4BA0-A3E7-65E6233649D1}.Debug|x86.Build.0 = Debug|Any CPU
		{332FBD6E-9861-4BA0-A3E7-65E6233649D1}.Release|Any CPU.ActiveCfg = Release|Any CPU
		{332FBD6E-9861-4BA0-A3E7-65E6233649D1}.Release|Any CPU.Build.0 = Release|Any CPU
		{332FBD6E-9861-4BA0-A3E7-65E6233649D1}.Release|x64.ActiveCfg = Release|Any CPU
		{332FBD6E-9861-4BA0-A3E7-65E6233649D1}.Release|x64.Build.0 = Release|Any CPU
		{332FBD6E-9861-4BA0-A3E7-65E6233649D1}.Release|x86.ActiveCfg = Release|Any CPU
		{332FBD6E-9861-4BA0-A3E7-65E6233649D1}.Release|x86.Build.0 = Release|Any CPU
		{76555A7F-BB1C-4D7B-AF39-72C3421A6AE8}.Debug|Any CPU.ActiveCfg = Debug|Any CPU
		{76555A7F-BB1C-4D7B-AF39-72C3421A6AE8}.Debug|Any CPU.Build.0 = Debug|Any CPU
		{76555A7F-BB1C-4D7B-AF39-72C3421A6AE8}.Debug|x64.ActiveCfg = Debug|Any CPU
		{76555A7F-BB1C-4D7B-AF39-72C3421A6AE8}.Debug|x64.Build.0 = Debug|Any CPU
		{76555A7F-BB1C-4D7B-AF39-72C3421A6AE8}.Debug|x86.ActiveCfg = Debug|Any CPU
		{76555A7F-BB1C-4D7B-AF39-72C3421A6AE8}.Debug|x86.Build.0 = Debug|Any CPU
		{76555A7F-BB1C-4D7B-AF39-72C3421A6AE8}.Release|Any CPU.ActiveCfg = Release|Any CPU
		{76555A7F-BB1C-4D7B-AF39-72C3421A6AE8}.Release|Any CPU.Build.0 = Release|Any CPU
		{76555A7F-BB1C-4D7B-AF39-72C3421A6AE8}.Release|x64.ActiveCfg = Release|Any CPU
		{76555A7F-BB1C-4D7B-AF39-72C3421A6AE8}.Release|x64.Build.0 = Release|Any CPU
		{76555A7F-BB1C-4D7B-AF39-72C3421A6AE8}.Release|x86.ActiveCfg = Release|Any CPU
		{76555A7F-BB1C-4D7B-AF39-72C3421A6AE8}.Release|x86.Build.0 = Release|Any CPU
		{044187E4-B42C-4970-BF40-8D80819769B6}.Debug|Any CPU.ActiveCfg = Debug|Any CPU
		{044187E4-B42C-4970-BF40-8D80819769B6}.Debug|Any CPU.Build.0 = Debug|Any CPU
		{044187E4-B42C-4970-BF40-8D80819769B6}.Debug|x64.ActiveCfg = Debug|Any CPU
		{044187E4-B42C-4970-BF40-8D80819769B6}.Debug|x64.Build.0 = Debug|Any CPU
		{044187E4-B42C-4970-BF40-8D80819769B6}.Debug|x86.ActiveCfg = Debug|Any CPU
		{044187E4-B42C-4970-BF40-8D80819769B6}.Debug|x86.Build.0 = Debug|Any CPU
		{044187E4-B42C-4970-BF40-8D80819769B6}.Release|Any CPU.ActiveCfg = Release|Any CPU
		{044187E4-B42C-4970-BF40-8D80819769B6}.Release|Any CPU.Build.0 = Release|Any CPU
		{044187E4-B42C-4970-BF40-8D80819769B6}.Release|x64.ActiveCfg = Release|Any CPU
		{044187E4-B42C-4970-BF40-8D80819769B6}.Release|x64.Build.0 = Release|Any CPU
		{044187E4-B42C-4970-BF40-8D80819769B6}.Release|x86.ActiveCfg = Release|Any CPU
		{044187E4-B42C-4970-BF40-8D80819769B6}.Release|x86.Build.0 = Release|Any CPU
		{CE117EBD-7EC3-4852-8206-04CF58955277}.Debug|Any CPU.ActiveCfg = Debug|Any CPU
		{CE117EBD-7EC3-4852-8206-04CF58955277}.Debug|Any CPU.Build.0 = Debug|Any CPU
		{CE117EBD-7EC3-4852-8206-04CF58955277}.Debug|x64.ActiveCfg = Debug|Any CPU
		{CE117EBD-7EC3-4852-8206-04CF58955277}.Debug|x64.Build.0 = Debug|Any CPU
		{CE117EBD-7EC3-4852-8206-04CF58955277}.Debug|x86.ActiveCfg = Debug|Any CPU
		{CE117EBD-7EC3-4852-8206-04CF58955277}.Debug|x86.Build.0 = Debug|Any CPU
		{CE117EBD-7EC3-4852-8206-04CF58955277}.Release|Any CPU.ActiveCfg = Release|Any CPU
		{CE117EBD-7EC3-4852-8206-04CF58955277}.Release|Any CPU.Build.0 = Release|Any CPU
		{CE117EBD-7EC3-4852-8206-04CF58955277}.Release|x64.ActiveCfg = Release|Any CPU
		{CE117EBD-7EC3-4852-8206-04CF58955277}.Release|x64.Build.0 = Release|Any CPU
		{CE117EBD-7EC3-4852-8206-04CF58955277}.Release|x86.ActiveCfg = Release|Any CPU
		{CE117EBD-7EC3-4852-8206-04CF58955277}.Release|x86.Build.0 = Release|Any CPU
		{2D4B4023-BC9D-4EEE-A0AC-2E4927462FDF}.Debug|Any CPU.ActiveCfg = Debug|Any CPU
		{2D4B4023-BC9D-4EEE-A0AC-2E4927462FDF}.Debug|Any CPU.Build.0 = Debug|Any CPU
		{2D4B4023-BC9D-4EEE-A0AC-2E4927462FDF}.Debug|x64.ActiveCfg = Debug|Any CPU
		{2D4B4023-BC9D-4EEE-A0AC-2E4927462FDF}.Debug|x64.Build.0 = Debug|Any CPU
		{2D4B4023-BC9D-4EEE-A0AC-2E4927462FDF}.Debug|x86.ActiveCfg = Debug|Any CPU
		{2D4B4023-BC9D-4EEE-A0AC-2E4927462FDF}.Debug|x86.Build.0 = Debug|Any CPU
		{2D4B4023-BC9D-4EEE-A0AC-2E4927462FDF}.Release|Any CPU.ActiveCfg = Release|Any CPU
		{2D4B4023-BC9D-4EEE-A0AC-2E4927462FDF}.Release|Any CPU.Build.0 = Release|Any CPU
		{2D4B4023-BC9D-4EEE-A0AC-2E4927462FDF}.Release|x64.ActiveCfg = Release|Any CPU
		{2D4B4023-BC9D-4EEE-A0AC-2E4927462FDF}.Release|x64.Build.0 = Release|Any CPU
		{2D4B4023-BC9D-4EEE-A0AC-2E4927462FDF}.Release|x86.ActiveCfg = Release|Any CPU
		{2D4B4023-BC9D-4EEE-A0AC-2E4927462FDF}.Release|x86.Build.0 = Release|Any CPU
		{55353577-E0F1-4A4F-8371-F3F74C56EACE}.Debug|Any CPU.ActiveCfg = Debug|Any CPU
		{55353577-E0F1-4A4F-8371-F3F74C56EACE}.Debug|Any CPU.Build.0 = Debug|Any CPU
		{55353577-E0F1-4A4F-8371-F3F74C56EACE}.Debug|x64.ActiveCfg = Debug|Any CPU
		{55353577-E0F1-4A4F-8371-F3F74C56EACE}.Debug|x64.Build.0 = Debug|Any CPU
		{55353577-E0F1-4A4F-8371-F3F74C56EACE}.Debug|x86.ActiveCfg = Debug|Any CPU
		{55353577-E0F1-4A4F-8371-F3F74C56EACE}.Debug|x86.Build.0 = Debug|Any CPU
		{55353577-E0F1-4A4F-8371-F3F74C56EACE}.Release|Any CPU.ActiveCfg = Release|Any CPU
		{55353577-E0F1-4A4F-8371-F3F74C56EACE}.Release|Any CPU.Build.0 = Release|Any CPU
		{55353577-E0F1-4A4F-8371-F3F74C56EACE}.Release|x64.ActiveCfg = Release|Any CPU
		{55353577-E0F1-4A4F-8371-F3F74C56EACE}.Release|x64.Build.0 = Release|Any CPU
		{55353577-E0F1-4A4F-8371-F3F74C56EACE}.Release|x86.ActiveCfg = Release|Any CPU
		{55353577-E0F1-4A4F-8371-F3F74C56EACE}.Release|x86.Build.0 = Release|Any CPU
		{63F21E66-25F3-4F2D-AE54-FC6F93F623E3}.Debug|Any CPU.ActiveCfg = Debug|Any CPU
		{63F21E66-25F3-4F2D-AE54-FC6F93F623E3}.Debug|Any CPU.Build.0 = Debug|Any CPU
		{63F21E66-25F3-4F2D-AE54-FC6F93F623E3}.Debug|x64.ActiveCfg = Debug|Any CPU
		{63F21E66-25F3-4F2D-AE54-FC6F93F623E3}.Debug|x64.Build.0 = Debug|Any CPU
		{63F21E66-25F3-4F2D-AE54-FC6F93F623E3}.Debug|x86.ActiveCfg = Debug|Any CPU
		{63F21E66-25F3-4F2D-AE54-FC6F93F623E3}.Debug|x86.Build.0 = Debug|Any CPU
		{63F21E66-25F3-4F2D-AE54-FC6F93F623E3}.Release|Any CPU.ActiveCfg = Release|Any CPU
		{63F21E66-25F3-4F2D-AE54-FC6F93F623E3}.Release|Any CPU.Build.0 = Release|Any CPU
		{63F21E66-25F3-4F2D-AE54-FC6F93F623E3}.Release|x64.ActiveCfg = Release|Any CPU
		{63F21E66-25F3-4F2D-AE54-FC6F93F623E3}.Release|x64.Build.0 = Release|Any CPU
		{63F21E66-25F3-4F2D-AE54-FC6F93F623E3}.Release|x86.ActiveCfg = Release|Any CPU
		{63F21E66-25F3-4F2D-AE54-FC6F93F623E3}.Release|x86.Build.0 = Release|Any CPU
		{4EDBA689-488F-4A27-BD14-C0DC63B2B707}.Debug|Any CPU.ActiveCfg = Debug|Any CPU
		{4EDBA689-488F-4A27-BD14-C0DC63B2B707}.Debug|Any CPU.Build.0 = Debug|Any CPU
		{4EDBA689-488F-4A27-BD14-C0DC63B2B707}.Debug|x64.ActiveCfg = Debug|Any CPU
		{4EDBA689-488F-4A27-BD14-C0DC63B2B707}.Debug|x64.Build.0 = Debug|Any CPU
		{4EDBA689-488F-4A27-BD14-C0DC63B2B707}.Debug|x86.ActiveCfg = Debug|Any CPU
		{4EDBA689-488F-4A27-BD14-C0DC63B2B707}.Debug|x86.Build.0 = Debug|Any CPU
		{4EDBA689-488F-4A27-BD14-C0DC63B2B707}.Release|Any CPU.ActiveCfg = Release|Any CPU
		{4EDBA689-488F-4A27-BD14-C0DC63B2B707}.Release|Any CPU.Build.0 = Release|Any CPU
		{4EDBA689-488F-4A27-BD14-C0DC63B2B707}.Release|x64.ActiveCfg = Release|Any CPU
		{4EDBA689-488F-4A27-BD14-C0DC63B2B707}.Release|x64.Build.0 = Release|Any CPU
		{4EDBA689-488F-4A27-BD14-C0DC63B2B707}.Release|x86.ActiveCfg = Release|Any CPU
		{4EDBA689-488F-4A27-BD14-C0DC63B2B707}.Release|x86.Build.0 = Release|Any CPU
		{EA997F74-F00D-410F-A583-5A8D631CF250}.Debug|Any CPU.ActiveCfg = Debug|Any CPU
		{EA997F74-F00D-410F-A583-5A8D631CF250}.Debug|Any CPU.Build.0 = Debug|Any CPU
		{EA997F74-F00D-410F-A583-5A8D631CF250}.Debug|x64.ActiveCfg = Debug|Any CPU
		{EA997F74-F00D-410F-A583-5A8D631CF250}.Debug|x64.Build.0 = Debug|Any CPU
		{EA997F74-F00D-410F-A583-5A8D631CF250}.Debug|x86.ActiveCfg = Debug|Any CPU
		{EA997F74-F00D-410F-A583-5A8D631CF250}.Debug|x86.Build.0 = Debug|Any CPU
		{EA997F74-F00D-410F-A583-5A8D631CF250}.Release|Any CPU.ActiveCfg = Release|Any CPU
		{EA997F74-F00D-410F-A583-5A8D631CF250}.Release|Any CPU.Build.0 = Release|Any CPU
		{EA997F74-F00D-410F-A583-5A8D631CF250}.Release|x64.ActiveCfg = Release|Any CPU
		{EA997F74-F00D-410F-A583-5A8D631CF250}.Release|x64.Build.0 = Release|Any CPU
		{EA997F74-F00D-410F-A583-5A8D631CF250}.Release|x86.ActiveCfg = Release|Any CPU
		{EA997F74-F00D-410F-A583-5A8D631CF250}.Release|x86.Build.0 = Release|Any CPU
		{49BAA39A-B392-4803-BB64-EE66EE10FF46}.Debug|Any CPU.ActiveCfg = Debug|Any CPU
		{49BAA39A-B392-4803-BB64-EE66EE10FF46}.Debug|Any CPU.Build.0 = Debug|Any CPU
		{49BAA39A-B392-4803-BB64-EE66EE10FF46}.Debug|x64.ActiveCfg = Debug|Any CPU
		{49BAA39A-B392-4803-BB64-EE66EE10FF46}.Debug|x64.Build.0 = Debug|Any CPU
		{49BAA39A-B392-4803-BB64-EE66EE10FF46}.Debug|x86.ActiveCfg = Debug|Any CPU
		{49BAA39A-B392-4803-BB64-EE66EE10FF46}.Debug|x86.Build.0 = Debug|Any CPU
		{49BAA39A-B392-4803-BB64-EE66EE10FF46}.Release|Any CPU.ActiveCfg = Release|Any CPU
		{49BAA39A-B392-4803-BB64-EE66EE10FF46}.Release|Any CPU.Build.0 = Release|Any CPU
		{49BAA39A-B392-4803-BB64-EE66EE10FF46}.Release|x64.ActiveCfg = Release|Any CPU
		{49BAA39A-B392-4803-BB64-EE66EE10FF46}.Release|x64.Build.0 = Release|Any CPU
		{49BAA39A-B392-4803-BB64-EE66EE10FF46}.Release|x86.ActiveCfg = Release|Any CPU
		{49BAA39A-B392-4803-BB64-EE66EE10FF46}.Release|x86.Build.0 = Release|Any CPU
		{A134B9D2-0DBD-4946-8D20-03A1980F14D8}.Debug|Any CPU.ActiveCfg = Debug|Any CPU
		{A134B9D2-0DBD-4946-8D20-03A1980F14D8}.Debug|Any CPU.Build.0 = Debug|Any CPU
		{A134B9D2-0DBD-4946-8D20-03A1980F14D8}.Debug|x64.ActiveCfg = Debug|Any CPU
		{A134B9D2-0DBD-4946-8D20-03A1980F14D8}.Debug|x64.Build.0 = Debug|Any CPU
		{A134B9D2-0DBD-4946-8D20-03A1980F14D8}.Debug|x86.ActiveCfg = Debug|Any CPU
		{A134B9D2-0DBD-4946-8D20-03A1980F14D8}.Debug|x86.Build.0 = Debug|Any CPU
		{A134B9D2-0DBD-4946-8D20-03A1980F14D8}.Release|Any CPU.ActiveCfg = Release|Any CPU
		{A134B9D2-0DBD-4946-8D20-03A1980F14D8}.Release|Any CPU.Build.0 = Release|Any CPU
		{A134B9D2-0DBD-4946-8D20-03A1980F14D8}.Release|x64.ActiveCfg = Release|Any CPU
		{A134B9D2-0DBD-4946-8D20-03A1980F14D8}.Release|x64.Build.0 = Release|Any CPU
		{A134B9D2-0DBD-4946-8D20-03A1980F14D8}.Release|x86.ActiveCfg = Release|Any CPU
		{A134B9D2-0DBD-4946-8D20-03A1980F14D8}.Release|x86.Build.0 = Release|Any CPU
		{F6388ADB-B995-4D8A-A568-E74EC7FCBFF4}.Debug|Any CPU.ActiveCfg = Debug|Any CPU
		{F6388ADB-B995-4D8A-A568-E74EC7FCBFF4}.Debug|Any CPU.Build.0 = Debug|Any CPU
		{F6388ADB-B995-4D8A-A568-E74EC7FCBFF4}.Debug|x64.ActiveCfg = Debug|Any CPU
		{F6388ADB-B995-4D8A-A568-E74EC7FCBFF4}.Debug|x64.Build.0 = Debug|Any CPU
		{F6388ADB-B995-4D8A-A568-E74EC7FCBFF4}.Debug|x86.ActiveCfg = Debug|Any CPU
		{F6388ADB-B995-4D8A-A568-E74EC7FCBFF4}.Debug|x86.Build.0 = Debug|Any CPU
		{F6388ADB-B995-4D8A-A568-E74EC7FCBFF4}.Release|Any CPU.ActiveCfg = Release|Any CPU
		{F6388ADB-B995-4D8A-A568-E74EC7FCBFF4}.Release|Any CPU.Build.0 = Release|Any CPU
		{F6388ADB-B995-4D8A-A568-E74EC7FCBFF4}.Release|x64.ActiveCfg = Release|Any CPU
		{F6388ADB-B995-4D8A-A568-E74EC7FCBFF4}.Release|x64.Build.0 = Release|Any CPU
		{F6388ADB-B995-4D8A-A568-E74EC7FCBFF4}.Release|x86.ActiveCfg = Release|Any CPU
		{F6388ADB-B995-4D8A-A568-E74EC7FCBFF4}.Release|x86.Build.0 = Release|Any CPU
		{043BA7EE-68FC-49AF-9921-781894E2B879}.Debug|Any CPU.ActiveCfg = Debug|Any CPU
		{043BA7EE-68FC-49AF-9921-781894E2B879}.Debug|Any CPU.Build.0 = Debug|Any CPU
		{043BA7EE-68FC-49AF-9921-781894E2B879}.Debug|x64.ActiveCfg = Debug|Any CPU
		{043BA7EE-68FC-49AF-9921-781894E2B879}.Debug|x64.Build.0 = Debug|Any CPU
		{043BA7EE-68FC-49AF-9921-781894E2B879}.Debug|x86.ActiveCfg = Debug|Any CPU
		{043BA7EE-68FC-49AF-9921-781894E2B879}.Debug|x86.Build.0 = Debug|Any CPU
		{043BA7EE-68FC-49AF-9921-781894E2B879}.Release|Any CPU.ActiveCfg = Release|Any CPU
		{043BA7EE-68FC-49AF-9921-781894E2B879}.Release|Any CPU.Build.0 = Release|Any CPU
		{043BA7EE-68FC-49AF-9921-781894E2B879}.Release|x64.ActiveCfg = Release|Any CPU
		{043BA7EE-68FC-49AF-9921-781894E2B879}.Release|x64.Build.0 = Release|Any CPU
		{043BA7EE-68FC-49AF-9921-781894E2B879}.Release|x86.ActiveCfg = Release|Any CPU
		{043BA7EE-68FC-49AF-9921-781894E2B879}.Release|x86.Build.0 = Release|Any CPU
	EndGlobalSection
EndGlobal
