
Microsoft Visual Studio Solution File, Format Version 12.00
# Visual Studio 15
VisualStudioVersion = 15.0.26124.0
MinimumVisualStudioVersion = 15.0.26124.0
Project("{F2A71F9B-5D33-465A-A702-920D77279786}") = "Rest", "Rest\src\Rest.fsproj", "{62457451-B9DE-473B-94F9-AD8D0376001A}"
EndProject
Project("{F2A71F9B-5D33-465A-A702-920D77279786}") = "Rest.AspNetCore", "AspNetCore\src\Rest.AspNetCore.fsproj", "{8D9F3086-6257-4C26-9FD9-D22FF2A6984A}"
EndProject
Project("{F2A71F9B-5D33-465A-A702-920D77279786}") = "Playground", "Playground\Playground.fsproj", "{58C2991B-8F26-4FFA-BB31-4CF67EA15663}"
EndProject
Project("{F2A71F9B-5D33-465A-A702-920D77279786}") = "Rest.Mapping", "Mapping\src\Rest.Mapping.fsproj", "{1CB97137-97C7-4DFC-9247-281946F3091F}"
EndProject
Project("{F2A71F9B-5D33-465A-A702-920D77279786}") = "Rest.Mapping.Tests", "Mapping\test\Rest.Mapping.Tests.fsproj", "{184CBCE9-D17C-4CCF-9FE9-13C015D083B9}"
EndProject
Project("{F2A71F9B-5D33-465A-A702-920D77279786}") = "Rest.Tests", "Rest\test\Rest.Tests.fsproj", "{2E7910C1-7D70-48C8-950C-09EEC849DA1A}"
EndProject
Project("{F2A71F9B-5D33-465A-A702-920D77279786}") = "Rest.Expressions", "Expressions\src\Rest.Expressions.fsproj", "{C24AF5AE-2C01-4A27-9278-EE50B9EBD0D3}"
EndProject
Project("{F2A71F9B-5D33-465A-A702-920D77279786}") = "Rest.Expressions.Tests", "Expressions\test\Rest.Expressions.Tests.fsproj", "{59A68FE9-9B71-42A5-B32D-8F9695A777CB}"
EndProject
Project("{F2A71F9B-5D33-465A-A702-920D77279786}") = "Rest.Private", "Private\src\Rest.Private.fsproj", "{F42B12FC-8FED-48ED-B9EF-7E21936FE60E}"
EndProject
Project("{F2A71F9B-5D33-465A-A702-920D77279786}") = "Rest.MongoDB", "MongoDB\src\Rest.MongoDB.fsproj", "{8F794BFC-3976-4DED-ABD0-A255B4733935}"
EndProject
Project("{2150E333-8FDC-42A3-9474-1A3956D46DE8}") = "MongoDB", "MongoDB", "{E4A8DCDF-E634-4689-BAEE-2481CFEA1733}"
EndProject
Project("{F2A71F9B-5D33-465A-A702-920D77279786}") = "Rest.MongoDB.Tests", "MongoDB\test\Rest.MongoDB.Tests.fsproj", "{C278AF68-8FFD-4149-8961-F41135660D4A}"
EndProject
Global
	GlobalSection(SolutionProperties) = preSolution
		HideSolutionNode = FALSE
	EndGlobalSection
	GlobalSection(SolutionConfigurationPlatforms) = preSolution
		Debug|Any CPU = Debug|Any CPU
		Release|Any CPU = Release|Any CPU
	EndGlobalSection
	GlobalSection(ProjectConfigurationPlatforms) = postSolution
		{62457451-B9DE-473B-94F9-AD8D0376001A}.Debug|Any CPU.ActiveCfg = Debug|Any CPU
		{62457451-B9DE-473B-94F9-AD8D0376001A}.Debug|Any CPU.Build.0 = Debug|Any CPU
		{62457451-B9DE-473B-94F9-AD8D0376001A}.Release|Any CPU.ActiveCfg = Release|Any CPU
		{62457451-B9DE-473B-94F9-AD8D0376001A}.Release|Any CPU.Build.0 = Release|Any CPU
		{8D9F3086-6257-4C26-9FD9-D22FF2A6984A}.Debug|Any CPU.ActiveCfg = Debug|Any CPU
		{8D9F3086-6257-4C26-9FD9-D22FF2A6984A}.Debug|Any CPU.Build.0 = Debug|Any CPU
		{8D9F3086-6257-4C26-9FD9-D22FF2A6984A}.Release|Any CPU.ActiveCfg = Release|Any CPU
		{8D9F3086-6257-4C26-9FD9-D22FF2A6984A}.Release|Any CPU.Build.0 = Release|Any CPU
		{58C2991B-8F26-4FFA-BB31-4CF67EA15663}.Debug|Any CPU.ActiveCfg = Debug|Any CPU
		{58C2991B-8F26-4FFA-BB31-4CF67EA15663}.Debug|Any CPU.Build.0 = Debug|Any CPU
		{58C2991B-8F26-4FFA-BB31-4CF67EA15663}.Release|Any CPU.ActiveCfg = Release|Any CPU
		{58C2991B-8F26-4FFA-BB31-4CF67EA15663}.Release|Any CPU.Build.0 = Release|Any CPU
		{1CB97137-97C7-4DFC-9247-281946F3091F}.Debug|Any CPU.ActiveCfg = Debug|Any CPU
		{1CB97137-97C7-4DFC-9247-281946F3091F}.Debug|Any CPU.Build.0 = Debug|Any CPU
		{1CB97137-97C7-4DFC-9247-281946F3091F}.Release|Any CPU.ActiveCfg = Release|Any CPU
		{1CB97137-97C7-4DFC-9247-281946F3091F}.Release|Any CPU.Build.0 = Release|Any CPU
		{184CBCE9-D17C-4CCF-9FE9-13C015D083B9}.Debug|Any CPU.ActiveCfg = Debug|Any CPU
		{184CBCE9-D17C-4CCF-9FE9-13C015D083B9}.Debug|Any CPU.Build.0 = Debug|Any CPU
		{184CBCE9-D17C-4CCF-9FE9-13C015D083B9}.Release|Any CPU.ActiveCfg = Release|Any CPU
		{184CBCE9-D17C-4CCF-9FE9-13C015D083B9}.Release|Any CPU.Build.0 = Release|Any CPU
		{2E7910C1-7D70-48C8-950C-09EEC849DA1A}.Debug|Any CPU.ActiveCfg = Debug|Any CPU
		{2E7910C1-7D70-48C8-950C-09EEC849DA1A}.Debug|Any CPU.Build.0 = Debug|Any CPU
		{2E7910C1-7D70-48C8-950C-09EEC849DA1A}.Release|Any CPU.ActiveCfg = Release|Any CPU
		{2E7910C1-7D70-48C8-950C-09EEC849DA1A}.Release|Any CPU.Build.0 = Release|Any CPU
		{C24AF5AE-2C01-4A27-9278-EE50B9EBD0D3}.Debug|Any CPU.ActiveCfg = Debug|Any CPU
		{C24AF5AE-2C01-4A27-9278-EE50B9EBD0D3}.Debug|Any CPU.Build.0 = Debug|Any CPU
		{C24AF5AE-2C01-4A27-9278-EE50B9EBD0D3}.Release|Any CPU.ActiveCfg = Release|Any CPU
		{C24AF5AE-2C01-4A27-9278-EE50B9EBD0D3}.Release|Any CPU.Build.0 = Release|Any CPU
		{59A68FE9-9B71-42A5-B32D-8F9695A777CB}.Debug|Any CPU.ActiveCfg = Debug|Any CPU
		{59A68FE9-9B71-42A5-B32D-8F9695A777CB}.Debug|Any CPU.Build.0 = Debug|Any CPU
		{59A68FE9-9B71-42A5-B32D-8F9695A777CB}.Release|Any CPU.ActiveCfg = Release|Any CPU
		{59A68FE9-9B71-42A5-B32D-8F9695A777CB}.Release|Any CPU.Build.0 = Release|Any CPU
		{F42B12FC-8FED-48ED-B9EF-7E21936FE60E}.Debug|Any CPU.ActiveCfg = Debug|Any CPU
		{F42B12FC-8FED-48ED-B9EF-7E21936FE60E}.Debug|Any CPU.Build.0 = Debug|Any CPU
		{F42B12FC-8FED-48ED-B9EF-7E21936FE60E}.Release|Any CPU.ActiveCfg = Release|Any CPU
		{F42B12FC-8FED-48ED-B9EF-7E21936FE60E}.Release|Any CPU.Build.0 = Release|Any CPU
		{8F794BFC-3976-4DED-ABD0-A255B4733935}.Debug|Any CPU.ActiveCfg = Debug|Any CPU
		{8F794BFC-3976-4DED-ABD0-A255B4733935}.Debug|Any CPU.Build.0 = Debug|Any CPU
		{8F794BFC-3976-4DED-ABD0-A255B4733935}.Release|Any CPU.ActiveCfg = Release|Any CPU
		{8F794BFC-3976-4DED-ABD0-A255B4733935}.Release|Any CPU.Build.0 = Release|Any CPU
		{C278AF68-8FFD-4149-8961-F41135660D4A}.Debug|Any CPU.ActiveCfg = Debug|Any CPU
		{C278AF68-8FFD-4149-8961-F41135660D4A}.Debug|Any CPU.Build.0 = Debug|Any CPU
		{C278AF68-8FFD-4149-8961-F41135660D4A}.Release|Any CPU.ActiveCfg = Release|Any CPU
		{C278AF68-8FFD-4149-8961-F41135660D4A}.Release|Any CPU.Build.0 = Release|Any CPU
	EndGlobalSection
	GlobalSection(NestedProjects) = preSolution
		{C278AF68-8FFD-4149-8961-F41135660D4A} = {E4A8DCDF-E634-4689-BAEE-2481CFEA1733}
	EndGlobalSection
EndGlobal
